Microsoft Visual Studio Solution File, Format Version 12.00
# Visual Studio 15
VisualStudioVersion = 15.0.26730.16
MinimumVisualStudioVersion = 15.0.26124.0
Project("{2150E333-8FDC-42A3-9474-1A3956D46DE8}") = "src", "src", "{34FFCACC-4B97-4DA5-AF34-634BEDD1E275}"
EndProject
Project("{9A19103F-16F7-4668-BE54-9A1E7A4F7556}") = "LicenseManager.Api", "src\LicenseManager.Api\LicenseManager.Api.csproj", "{B84B2108-E735-451B-BABF-52E443C6FC37}"
EndProject
Project("{9A19103F-16F7-4668-BE54-9A1E7A4F7556}") = "LicenseManager.Core", "src\LicenseManager.Core\LicenseManager.Core.csproj", "{DE2F29C5-7CFA-4E8F-91BB-08717A53D700}"
EndProject
Project("{9A19103F-16F7-4668-BE54-9A1E7A4F7556}") = "LicenseManager.Infrastructure", "src\LicenseManager.Infrastructure\LicenseManager.Infrastructure.csproj", "{E05FFDD2-40B8-4DAE-9A79-FC2BD860C418}"
EndProject
Project("{9A19103F-16F7-4668-BE54-9A1E7A4F7556}") = "LicenseManager.Web", "src\LicenseManager.Web\LicenseManager.Web.csproj", "{34F2FBD3-3A6B-4CC0-9B15-CBE886F91765}"
EndProject
Global
	GlobalSection(SolutionConfigurationPlatforms) = preSolution
		Debug|Any CPU = Debug|Any CPU
		Debug|x64 = Debug|x64
		Debug|x86 = Debug|x86
		Release|Any CPU = Release|Any CPU
		Release|x64 = Release|x64
		Release|x86 = Release|x86
	EndGlobalSection
	GlobalSection(ProjectConfigurationPlatforms) = postSolution
		{B84B2108-E735-451B-BABF-52E443C6FC37}.Debug|Any CPU.ActiveCfg = Debug|Any CPU
		{B84B2108-E735-451B-BABF-52E443C6FC37}.Debug|Any CPU.Build.0 = Debug|Any CPU
		{B84B2108-E735-451B-BABF-52E443C6FC37}.Debug|x64.ActiveCfg = Debug|Any CPU
		{B84B2108-E735-451B-BABF-52E443C6FC37}.Debug|x64.Build.0 = Debug|Any CPU
		{B84B2108-E735-451B-BABF-52E443C6FC37}.Debug|x86.ActiveCfg = Debug|Any CPU
		{B84B2108-E735-451B-BABF-52E443C6FC37}.Debug|x86.Build.0 = Debug|Any CPU
		{B84B2108-E735-451B-BABF-52E443C6FC37}.Release|Any CPU.ActiveCfg = Release|Any CPU
		{B84B2108-E735-451B-BABF-52E443C6FC37}.Release|Any CPU.Build.0 = Release|Any CPU
		{B84B2108-E735-451B-BABF-52E443C6FC37}.Release|x64.ActiveCfg = Release|Any CPU
		{B84B2108-E735-451B-BABF-52E443C6FC37}.Release|x64.Build.0 = Release|Any CPU
		{B84B2108-E735-451B-BABF-52E443C6FC37}.Release|x86.ActiveCfg = Release|Any CPU
		{B84B2108-E735-451B-BABF-52E443C6FC37}.Release|x86.Build.0 = Release|Any CPU
		{DE2F29C5-7CFA-4E8F-91BB-08717A53D700}.Debug|Any CPU.ActiveCfg = Debug|Any CPU
		{DE2F29C5-7CFA-4E8F-91BB-08717A53D700}.Debug|Any CPU.Build.0 = Debug|Any CPU
		{DE2F29C5-7CFA-4E8F-91BB-08717A53D700}.Debug|x64.ActiveCfg = Debug|Any CPU
		{DE2F29C5-7CFA-4E8F-91BB-08717A53D700}.Debug|x64.Build.0 = Debug|Any CPU
		{DE2F29C5-7CFA-4E8F-91BB-08717A53D700}.Debug|x86.ActiveCfg = Debug|Any CPU
		{DE2F29C5-7CFA-4E8F-91BB-08717A53D700}.Debug|x86.Build.0 = Debug|Any CPU
		{DE2F29C5-7CFA-4E8F-91BB-08717A53D700}.Release|Any CPU.ActiveCfg = Release|Any CPU
		{DE2F29C5-7CFA-4E8F-91BB-08717A53D700}.Release|Any CPU.Build.0 = Release|Any CPU
		{DE2F29C5-7CFA-4E8F-91BB-08717A53D700}.Release|x64.ActiveCfg = Release|Any CPU
		{DE2F29C5-7CFA-4E8F-91BB-08717A53D700}.Release|x64.Build.0 = Release|Any CPU
		{DE2F29C5-7CFA-4E8F-91BB-08717A53D700}.Release|x86.ActiveCfg = Release|Any CPU
		{DE2F29C5-7CFA-4E8F-91BB-08717A53D700}.Release|x86.Build.0 = Release|Any CPU
		{E05FFDD2-40B8-4DAE-9A79-FC2BD860C418}.Debug|Any CPU.ActiveCfg = Debug|Any CPU
		{E05FFDD2-40B8-4DAE-9A79-FC2BD860C418}.Debug|Any CPU.Build.0 = Debug|Any CPU
		{E05FFDD2-40B8-4DAE-9A79-FC2BD860C418}.Debug|x64.ActiveCfg = Debug|Any CPU
		{E05FFDD2-40B8-4DAE-9A79-FC2BD860C418}.Debug|x64.Build.0 = Debug|Any CPU
		{E05FFDD2-40B8-4DAE-9A79-FC2BD860C418}.Debug|x86.ActiveCfg = Debug|Any CPU
		{E05FFDD2-40B8-4DAE-9A79-FC2BD860C418}.Debug|x86.Build.0 = Debug|Any CPU
		{E05FFDD2-40B8-4DAE-9A79-FC2BD860C418}.Release|Any CPU.ActiveCfg = Release|Any CPU
		{E05FFDD2-40B8-4DAE-9A79-FC2BD860C418}.Release|Any CPU.Build.0 = Release|Any CPU
		{E05FFDD2-40B8-4DAE-9A79-FC2BD860C418}.Release|x64.ActiveCfg = Release|Any CPU
		{E05FFDD2-40B8-4DAE-9A79-FC2BD860C418}.Release|x64.Build.0 = Release|Any CPU
		{E05FFDD2-40B8-4DAE-9A79-FC2BD860C418}.Release|x86.ActiveCfg = Release|Any CPU
		{E05FFDD2-40B8-4DAE-9A79-FC2BD860C418}.Release|x86.Build.0 = Release|Any CPU
		{34F2FBD3-3A6B-4CC0-9B15-CBE886F91765}.Debug|Any CPU.ActiveCfg = Debug|Any CPU
		{34F2FBD3-3A6B-4CC0-9B15-CBE886F91765}.Debug|Any CPU.Build.0 = Debug|Any CPU
		{34F2FBD3-3A6B-4CC0-9B15-CBE886F91765}.Debug|x64.ActiveCfg = Debug|Any CPU
		{34F2FBD3-3A6B-4CC0-9B15-CBE886F91765}.Debug|x64.Build.0 = Debug|Any CPU
		{34F2FBD3-3A6B-4CC0-9B15-CBE886F91765}.Debug|x86.ActiveCfg = Debug|Any CPU
		{34F2FBD3-3A6B-4CC0-9B15-CBE886F91765}.Debug|x86.Build.0 = Debug|Any CPU
		{34F2FBD3-3A6B-4CC0-9B15-CBE886F91765}.Release|Any CPU.ActiveCfg = Release|Any CPU
		{34F2FBD3-3A6B-4CC0-9B15-CBE886F91765}.Release|Any CPU.Build.0 = Release|Any CPU
		{34F2FBD3-3A6B-4CC0-9B15-CBE886F91765}.Release|x64.ActiveCfg = Release|Any CPU
		{34F2FBD3-3A6B-4CC0-9B15-CBE886F91765}.Release|x64.Build.0 = Release|Any CPU
		{34F2FBD3-3A6B-4CC0-9B15-CBE886F91765}.Release|x86.ActiveCfg = Release|Any CPU
		{34F2FBD3-3A6B-4CC0-9B15-CBE886F91765}.Release|x86.Build.0 = Release|Any CPU
	EndGlobalSection
	GlobalSection(SolutionProperties) = preSolution
		HideSolutionNode = FALSE
	EndGlobalSection
	GlobalSection(NestedProjects) = preSolution
		{B84B2108-E735-451B-BABF-52E443C6FC37} = {34FFCACC-4B97-4DA5-AF34-634BEDD1E275}
		{DE2F29C5-7CFA-4E8F-91BB-08717A53D700} = {34FFCACC-4B97-4DA5-AF34-634BEDD1E275}
		{E05FFDD2-40B8-4DAE-9A79-FC2BD860C418} = {34FFCACC-4B97-4DA5-AF34-634BEDD1E275}
		{34F2FBD3-3A6B-4CC0-9B15-CBE886F91765} = {34FFCACC-4B97-4DA5-AF34-634BEDD1E275}
	EndGlobalSection
	GlobalSection(ExtensibilityGlobals) = postSolution
		SolutionGuid = {0D37D0C3-86D2-4ED8-ABF0-D1031390F4A8}
	EndGlobalSection
EndGlobal
